
Microsoft Visual Studio Solution File, Format Version 12.00
# Visual Studio 14
VisualStudioVersion = 14.0.25420.1
MinimumVisualStudioVersion = 10.0.40219.1
Project("{FAE04EC0-301F-11D3-BF4B-00C04F79EFBC}") = "AutoMP3Tagger", "AutoMP3Tagger\AutoMP3Tagger.csproj", "{E12F8658-8688-4793-8075-0D0A15BCF341}"
EndProject
Global
	GlobalSection(SolutionConfigurationPlatforms) = preSolution
		Debug.Auto|Any CPU = Debug.Auto|Any CPU
		Debug|Any CPU = Debug|Any CPU
		Release|Any CPU = Release|Any CPU
	EndGlobalSection
	GlobalSection(ProjectConfigurationPlatforms) = postSolution
		{E12F8658-8688-4793-8075-0D0A15BCF341}.Debug.Auto|Any CPU.ActiveCfg = Debug.Auto|Any CPU
		{E12F8658-8688-4793-8075-0D0A15BCF341}.Debug.Auto|Any CPU.Build.0 = Debug.Auto|Any CPU
		{E12F8658-8688-4793-8075-0D0A15BCF341}.Debug|Any CPU.ActiveCfg = Debug|Any CPU
		{E12F8658-8688-4793-8075-0D0A15BCF341}.Debug|Any CPU.Build.0 = Debug|Any CPU
		{E12F8658-8688-4793-8075-0D0A15BCF341}.Release|Any CPU.ActiveCfg = Release|Any CPU
		{E12F8658-8688-4793-8075-0D0A15BCF341}.Release|Any CPU.Build.0 = Release|Any CPU
	EndGlobalSection
	GlobalSection(SolutionProperties) = preSolution
		HideSolutionNode = FALSE
	EndGlobalSection
EndGlobal
